
Microsoft Visual Studio Solution File, Format Version 12.00
# Visual Studio Version 16
VisualStudioVersion = 16.0.30309.148
MinimumVisualStudioVersion = 10.0.40219.1
Project("{888888A0-9F3D-457C-B088-3A5042F75D52}") = "turtle_kmeans", "dynamic_kmeans\turtle_kmeans.pyproj", "{ECAFD216-7A3C-4F1D-9346-F8120EBBCB1E}"
EndProject
Global
	GlobalSection(SolutionConfigurationPlatforms) = preSolution
		Debug|Any CPU = Debug|Any CPU
		Release|Any CPU = Release|Any CPU
	EndGlobalSection
	GlobalSection(ProjectConfigurationPlatforms) = postSolution
		{ECAFD216-7A3C-4F1D-9346-F8120EBBCB1E}.Debug|Any CPU.ActiveCfg = Debug|Any CPU
		{ECAFD216-7A3C-4F1D-9346-F8120EBBCB1E}.Release|Any CPU.ActiveCfg = Release|Any CPU
	EndGlobalSection
	GlobalSection(SolutionProperties) = preSolution
		HideSolutionNode = FALSE
	EndGlobalSection
	GlobalSection(ExtensibilityGlobals) = postSolution
		SolutionGuid = {0095FC4B-4537-4B33-8CAA-5D7220BA7B8B}
	EndGlobalSection
EndGlobal
